// !$*UTF8*$!
{
	archiveVersion = 1;
	classes = {
	};
	objectVersion = 56;
	objects = {

/* Begin PBXBuildFile section */
		4211F22E2999730F00D13FD0 /* MyFormField.swift in Sources */ = {isa = PBXBuildFile; fileRef = 4211F22D2999730F00D13FD0 /* MyFormField.swift */; };
		426CF63829850D1A00012FBE /* ExampleApp.swift in Sources */ = {isa = PBXBuildFile; fileRef = 426CF63729850D1A00012FBE /* ExampleApp.swift */; };
		426CF63A29850D1A00012FBE /* ContentView.swift in Sources */ = {isa = PBXBuildFile; fileRef = 426CF63929850D1A00012FBE /* ContentView.swift */; };
		426CF63C29850D1B00012FBE /* Assets.xcassets in Resources */ = {isa = PBXBuildFile; fileRef = 426CF63B29850D1B00012FBE /* Assets.xcassets */; };
		426CF63F29850D1B00012FBE /* Preview Assets.xcassets in Resources */ = {isa = PBXBuildFile; fileRef = 426CF63E29850D1B00012FBE /* Preview Assets.xcassets */; };
		426CF64929850DD400012FBE /* FormView in Frameworks */ = {isa = PBXBuildFile; productRef = 426CF64829850DD400012FBE /* FormView */; };
		426CF64E2992393A00012FBE /* TextValidationRule+Message.swift in Sources */ = {isa = PBXBuildFile; fileRef = 426CF64D2992393A00012FBE /* TextValidationRule+Message.swift */; };
		426CF65029923D6800012FBE /* String+Concat.swift in Sources */ = {isa = PBXBuildFile; fileRef = 426CF64F29923D6800012FBE /* String+Concat.swift */; };
		426CF6522992F97000012FBE /* FormFieldModifier.swift in Sources */ = {isa = PBXBuildFile; fileRef = 426CF6512992F97000012FBE /* FormFieldModifier.swift */; };
/* End PBXBuildFile section */

/* Begin PBXFileReference section */
		4211F22D2999730F00D13FD0 /* MyFormField.swift */ = {isa = PBXFileReference; lastKnownFileType = sourcecode.swift; path = MyFormField.swift; sourceTree = "<group>"; };
		426CF63429850D1A00012FBE /* Example.app */ = {isa = PBXFileReference; explicitFileType = wrapper.application; includeInIndex = 0; path = Example.app; sourceTree = BUILT_PRODUCTS_DIR; };
		426CF63729850D1A00012FBE /* ExampleApp.swift */ = {isa = PBXFileReference; lastKnownFileType = sourcecode.swift; path = ExampleApp.swift; sourceTree = "<group>"; };
		426CF63929850D1A00012FBE /* ContentView.swift */ = {isa = PBXFileReference; lastKnownFileType = sourcecode.swift; path = ContentView.swift; sourceTree = "<group>"; };
		426CF63B29850D1B00012FBE /* Assets.xcassets */ = {isa = PBXFileReference; lastKnownFileType = folder.assetcatalog; path = Assets.xcassets; sourceTree = "<group>"; };
		426CF63E29850D1B00012FBE /* Preview Assets.xcassets */ = {isa = PBXFileReference; lastKnownFileType = folder.assetcatalog; path = "Preview Assets.xcassets"; sourceTree = "<group>"; };
		426CF64629850D9F00012FBE /* FormView */ = {isa = PBXFileReference; lastKnownFileType = wrapper; name = FormView; path = ..; sourceTree = "<group>"; };
		426CF64C29903DBC00012FBE /* Example-Info.plist */ = {isa = PBXFileReference; lastKnownFileType = text.plist; path = "Example-Info.plist"; sourceTree = "<group>"; };
		426CF64D2992393A00012FBE /* TextValidationRule+Message.swift */ = {isa = PBXFileReference; lastKnownFileType = sourcecode.swift; path = "TextValidationRule+Message.swift"; sourceTree = "<group>"; };
		426CF64F29923D6800012FBE /* String+Concat.swift */ = {isa = PBXFileReference; lastKnownFileType = sourcecode.swift; path = "String+Concat.swift"; sourceTree = "<group>"; };
		426CF6512992F97000012FBE /* FormFieldModifier.swift */ = {isa = PBXFileReference; lastKnownFileType = sourcecode.swift; path = FormFieldModifier.swift; sourceTree = "<group>"; };
/* End PBXFileReference section */

/* Begin PBXFrameworksBuildPhase section */
		426CF63129850D1A00012FBE /* Frameworks */ = {
			isa = PBXFrameworksBuildPhase;
			buildActionMask = 2147483647;
			files = (
				426CF64929850DD400012FBE /* FormView in Frameworks */,
			);
			runOnlyForDeploymentPostprocessing = 0;
		};
/* End PBXFrameworksBuildPhase section */

/* Begin PBXGroup section */
		426CF62B29850D1A00012FBE = {
			isa = PBXGroup;
			children = (
				426CF64C29903DBC00012FBE /* Example-Info.plist */,
				426CF64529850D9F00012FBE /* Packages */,
				426CF63629850D1A00012FBE /* ExampleApp */,
				426CF63529850D1A00012FBE /* Products */,
				426CF64729850DD400012FBE /* Frameworks */,
			);
			sourceTree = "<group>";
		};
		426CF63529850D1A00012FBE /* Products */ = {
			isa = PBXGroup;
			children = (
				426CF63429850D1A00012FBE /* Example.app */,
			);
			name = Products;
			sourceTree = "<group>";
		};
		426CF63629850D1A00012FBE /* ExampleApp */ = {
			isa = PBXGroup;
			children = (
				426CF63729850D1A00012FBE /* ExampleApp.swift */,
				426CF64D2992393A00012FBE /* TextValidationRule+Message.swift */,
				426CF63929850D1A00012FBE /* ContentView.swift */,
				4211F22D2999730F00D13FD0 /* MyFormField.swift */,
				426CF6512992F97000012FBE /* FormFieldModifier.swift */,
				426CF64F29923D6800012FBE /* String+Concat.swift */,
				426CF63B29850D1B00012FBE /* Assets.xcassets */,
				426CF63D29850D1B00012FBE /* Preview Content */,
			);
			path = ExampleApp;
			sourceTree = "<group>";
		};
		426CF63D29850D1B00012FBE /* Preview Content */ = {
			isa = PBXGroup;
			children = (
				426CF63E29850D1B00012FBE /* Preview Assets.xcassets */,
			);
			path = "Preview Content";
			sourceTree = "<group>";
		};
		426CF64529850D9F00012FBE /* Packages */ = {
			isa = PBXGroup;
			children = (
				426CF64629850D9F00012FBE /* FormView */,
			);
			name = Packages;
			sourceTree = "<group>";
		};
		426CF64729850DD400012FBE /* Frameworks */ = {
			isa = PBXGroup;
			children = (
			);
			name = Frameworks;
			sourceTree = "<group>";
		};
/* End PBXGroup section */

/* Begin PBXNativeTarget section */
		426CF63329850D1A00012FBE /* Example */ = {
			isa = PBXNativeTarget;
			buildConfigurationList = 426CF64229850D1B00012FBE /* Build configuration list for PBXNativeTarget "Example" */;
			buildPhases = (
				426CF63029850D1A00012FBE /* Sources */,
				426CF63129850D1A00012FBE /* Frameworks */,
				426CF63229850D1A00012FBE /* Resources */,
			);
			buildRules = (
			);
			dependencies = (
			);
			name = Example;
			packageProductDependencies = (
				426CF64829850DD400012FBE /* FormView */,
			);
			productName = ExampleApp;
			productReference = 426CF63429850D1A00012FBE /* Example.app */;
			productType = "com.apple.product-type.application";
		};
/* End PBXNativeTarget section */

/* Begin PBXProject section */
		426CF62C29850D1A00012FBE /* Project object */ = {
			isa = PBXProject;
			attributes = {
				BuildIndependentTargetsInParallel = 1;
				LastSwiftUpdateCheck = 1420;
				LastUpgradeCheck = 1420;
				TargetAttributes = {
					426CF63329850D1A00012FBE = {
						CreatedOnToolsVersion = 14.2;
					};
				};
			};
			buildConfigurationList = 426CF62F29850D1A00012FBE /* Build configuration list for PBXProject "Example" */;
			compatibilityVersion = "Xcode 14.0";
			developmentRegion = en;
			hasScannedForEncodings = 0;
			knownRegions = (
				en,
				Base,
			);
			mainGroup = 426CF62B29850D1A00012FBE;
			productRefGroup = 426CF63529850D1A00012FBE /* Products */;
			projectDirPath = "";
			projectRoot = "";
			targets = (
				426CF63329850D1A00012FBE /* Example */,
			);
		};
/* End PBXProject section */

/* Begin PBXResourcesBuildPhase section */
		426CF63229850D1A00012FBE /* Resources */ = {
			isa = PBXResourcesBuildPhase;
			buildActionMask = 2147483647;
			files = (
				426CF63F29850D1B00012FBE /* Preview Assets.xcassets in Resources */,
				426CF63C29850D1B00012FBE /* Assets.xcassets in Resources */,
			);
			runOnlyForDeploymentPostprocessing = 0;
		};
/* End PBXResourcesBuildPhase section */

/* Begin PBXSourcesBuildPhase section */
		426CF63029850D1A00012FBE /* Sources */ = {
			isa = PBXSourcesBuildPhase;
			buildActionMask = 2147483647;
			files = (
				426CF65029923D6800012FBE /* String+Concat.swift in Sources */,
				426CF6522992F97000012FBE /* FormFieldModifier.swift in Sources */,
				4211F22E2999730F00D13FD0 /* MyFormField.swift in Sources */,
				426CF64E2992393A00012FBE /* TextValidationRule+Message.swift in Sources */,
				426CF63A29850D1A00012FBE /* ContentView.swift in Sources */,
				426CF63829850D1A00012FBE /* ExampleApp.swift in Sources */,
			);
			runOnlyForDeploymentPostprocessing = 0;
		};
/* End PBXSourcesBuildPhase section */

/* Begin XCBuildConfiguration section */
		426CF64029850D1B00012FBE /* Debug */ = {
			isa = XCBuildConfiguration;
			buildSettings = {
				ALWAYS_SEARCH_USER_PATHS = NO;
				CLANG_ANALYZER_NONNULL = YES;
				CLANG_ANALYZER_NUMBER_OBJECT_CONVERSION = YES_AGGRESSIVE;
				CLANG_CXX_LANGUAGE_STANDARD = "gnu++20";
				CLANG_ENABLE_MODULES = YES;
				CLANG_ENABLE_OBJC_ARC = YES;
				CLANG_ENABLE_OBJC_WEAK = YES;
				CLANG_WARN_BLOCK_CAPTURE_AUTORELEASING = YES;
				CLANG_WARN_BOOL_CONVERSION = YES;
				CLANG_WARN_COMMA = YES;
				CLANG_WARN_CONSTANT_CONVERSION = YES;
				CLANG_WARN_DEPRECATED_OBJC_IMPLEMENTATIONS = YES;
				CLANG_WARN_DIRECT_OBJC_ISA_USAGE = YES_ERROR;
				CLANG_WARN_DOCUMENTATION_COMMENTS = YES;
				CLANG_WARN_EMPTY_BODY = YES;
				CLANG_WARN_ENUM_CONVERSION = YES;
				CLANG_WARN_INFINITE_RECURSION = YES;
				CLANG_WARN_INT_CONVERSION = YES;
				CLANG_WARN_NON_LITERAL_NULL_CONVERSION = YES;
				CLANG_WARN_OBJC_IMPLICIT_RETAIN_SELF = YES;
				CLANG_WARN_OBJC_LITERAL_CONVERSION = YES;
				CLANG_WARN_OBJC_ROOT_CLASS = YES_ERROR;
				CLANG_WARN_QUOTED_INCLUDE_IN_FRAMEWORK_HEADER = YES;
				CLANG_WARN_RANGE_LOOP_ANALYSIS = YES;
				CLANG_WARN_STRICT_PROTOTYPES = YES;
				CLANG_WARN_SUSPICIOUS_MOVE = YES;
				CLANG_WARN_UNGUARDED_AVAILABILITY = YES_AGGRESSIVE;
				CLANG_WARN_UNREACHABLE_CODE = YES;
				CLANG_WARN__DUPLICATE_METHOD_MATCH = YES;
				COPY_PHASE_STRIP = NO;
				DEBUG_INFORMATION_FORMAT = dwarf;
				ENABLE_STRICT_OBJC_MSGSEND = YES;
				ENABLE_TESTABILITY = YES;
				GCC_C_LANGUAGE_STANDARD = gnu11;
				GCC_DYNAMIC_NO_PIC = NO;
				GCC_NO_COMMON_BLOCKS = YES;
				GCC_OPTIMIZATION_LEVEL = 0;
				GCC_PREPROCESSOR_DEFINITIONS = (
					"DEBUG=1",
					"$(inherited)",
				);
				GCC_WARN_64_TO_32_BIT_CONVERSION = YES;
				GCC_WARN_ABOUT_RETURN_TYPE = YES_ERROR;
				GCC_WARN_UNDECLARED_SELECTOR = YES;
				GCC_WARN_UNINITIALIZED_AUTOS = YES_AGGRESSIVE;
				GCC_WARN_UNUSED_FUNCTION = YES;
				GCC_WARN_UNUSED_VARIABLE = YES;
				IPHONEOS_DEPLOYMENT_TARGET = 15.0;
				MTL_ENABLE_DEBUG_INFO = INCLUDE_SOURCE;
				MTL_FAST_MATH = YES;
				ONLY_ACTIVE_ARCH = YES;
				SDKROOT = iphoneos;
				SWIFT_ACTIVE_COMPILATION_CONDITIONS = DEBUG;
				SWIFT_OPTIMIZATION_LEVEL = "-Onone";
			};
			name = Debug;
		};
		426CF64129850D1B00012FBE /* Release */ = {
			isa = XCBuildConfiguration;
			buildSettings = {
				ALWAYS_SEARCH_USER_PATHS = NO;
				CLANG_ANALYZER_NONNULL = YES;
				CLANG_ANALYZER_NUMBER_OBJECT_CONVERSION = YES_AGGRESSIVE;
				CLANG_CXX_LANGUAGE_STANDARD = "gnu++20";
				CLANG_ENABLE_MODULES = YES;
				CLANG_ENABLE_OBJC_ARC = YES;
				CLANG_ENABLE_OBJC_WEAK = YES;
				CLANG_WARN_BLOCK_CAPTURE_AUTORELEASING = YES;
				CLANG_WARN_BOOL_CONVERSION = YES;
				CLANG_WARN_COMMA = YES;
				CLANG_WARN_CONSTANT_CONVERSION = YES;
				CLANG_WARN_DEPRECATED_OBJC_IMPLEMENTATIONS = YES;
				CLANG_WARN_DIRECT_OBJC_ISA_USAGE = YES_ERROR;
				CLANG_WARN_DOCUMENTATION_COMMENTS = YES;
				CLANG_WARN_EMPTY_BODY = YES;
				CLANG_WARN_ENUM_CONVERSION = YES;
				CLANG_WARN_INFINITE_RECURSION = YES;
				CLANG_WARN_INT_CONVERSION = YES;
				CLANG_WARN_NON_LITERAL_NULL_CONVERSION = YES;
				CLANG_WARN_OBJC_IMPLICIT_RETAIN_SELF = YES;
				CLANG_WARN_OBJC_LITERAL_CONVERSION = YES;
				CLANG_WARN_OBJC_ROOT_CLASS = YES_ERROR;
				CLANG_WARN_QUOTED_INCLUDE_IN_FRAMEWORK_HEADER = YES;
				CLANG_WARN_RANGE_LOOP_ANALYSIS = YES;
				CLANG_WARN_STRICT_PROTOTYPES = YES;
				CLANG_WARN_SUSPICIOUS_MOVE = YES;
				CLANG_WARN_UNGUARDED_AVAILABILITY = YES_AGGRESSIVE;
				CLANG_WARN_UNREACHABLE_CODE = YES;
				CLANG_WARN__DUPLICATE_METHOD_MATCH = YES;
				COPY_PHASE_STRIP = NO;
				DEBUG_INFORMATION_FORMAT = "dwarf-with-dsym";
				ENABLE_NS_ASSERTIONS = NO;
				ENABLE_STRICT_OBJC_MSGSEND = YES;
				GCC_C_LANGUAGE_STANDARD = gnu11;
				GCC_NO_COMMON_BLOCKS = YES;
				GCC_WARN_64_TO_32_BIT_CONVERSION = YES;
				GCC_WARN_ABOUT_RETURN_TYPE = YES_ERROR;
				GCC_WARN_UNDECLARED_SELECTOR = YES;
				GCC_WARN_UNINITIALIZED_AUTOS = YES_AGGRESSIVE;
				GCC_WARN_UNUSED_FUNCTION = YES;
				GCC_WARN_UNUSED_VARIABLE = YES;
				IPHONEOS_DEPLOYMENT_TARGET = 15.0;
				MTL_ENABLE_DEBUG_INFO = NO;
				MTL_FAST_MATH = YES;
				SDKROOT = iphoneos;
				SWIFT_COMPILATION_MODE = wholemodule;
				SWIFT_OPTIMIZATION_LEVEL = "-O";
				VALIDATE_PRODUCT = YES;
			};
			name = Release;
		};
		426CF64329850D1B00012FBE /* Debug */ = {
			isa = XCBuildConfiguration;
			buildSettings = {
				ASSETCATALOG_COMPILER_APPICON_NAME = AppIcon;
				ASSETCATALOG_COMPILER_GLOBAL_ACCENT_COLOR_NAME = AccentColor;
				CODE_SIGN_STYLE = Automatic;
				CURRENT_PROJECT_VERSION = 1;
				DEVELOPMENT_ASSET_PATHS = "\"ExampleApp/Preview Content\"";
				DEVELOPMENT_TEAM = 8Q4KTDMYNZ;
				ENABLE_PREVIEWS = YES;
				GENERATE_INFOPLIST_FILE = YES;
				INFOPLIST_FILE = "Example-Info.plist";
				INFOPLIST_KEY_UIApplicationSupportsIndirectInputEvents = YES;
				INFOPLIST_KEY_UILaunchScreen_Generation = YES;
				INFOPLIST_KEY_UISupportedInterfaceOrientations_iPad = "UIInterfaceOrientationPortrait UIInterfaceOrientationPortraitUpsideDown UIInterfaceOrientationLandscapeLeft UIInterfaceOrientationLandscapeRight";
				INFOPLIST_KEY_UISupportedInterfaceOrientations_iPhone = "UIInterfaceOrientationPortrait UIInterfaceOrientationLandscapeLeft UIInterfaceOrientationLandscapeRight";
				LD_RUNPATH_SEARCH_PATHS = (
					"$(inherited)",
					"@executable_path/Frameworks",
				);
				MARKETING_VERSION = 1.0;
				PRODUCT_BUNDLE_IDENTIFIER = com.maxial.formview.exampleapp;
				PRODUCT_NAME = "$(TARGET_NAME)";
				SWIFT_EMIT_LOC_STRINGS = YES;
				SWIFT_VERSION = 5.0;
				TARGETED_DEVICE_FAMILY = "1,2";
			};
			name = Debug;
		};
		426CF64429850D1B00012FBE /* Release */ = {
			isa = XCBuildConfiguration;
			buildSettings = {
				ASSETCATALOG_COMPILER_APPICON_NAME = AppIcon;
				ASSETCATALOG_COMPILER_GLOBAL_ACCENT_COLOR_NAME = AccentColor;
				CODE_SIGN_STYLE = Automatic;
				CURRENT_PROJECT_VERSION = 1;
				DEVELOPMENT_ASSET_PATHS = "\"ExampleApp/Preview Content\"";
				DEVELOPMENT_TEAM = 8Q4KTDMYNZ;
				ENABLE_PREVIEWS = YES;
				GENERATE_INFOPLIST_FILE = YES;
				INFOPLIST_FILE = "Example-Info.plist";
				INFOPLIST_KEY_UIApplicationSupportsIndirectInputEvents = YES;
				INFOPLIST_KEY_UILaunchScreen_Generation = YES;
				INFOPLIST_KEY_UISupportedInterfaceOrientations_iPad = "UIInterfaceOrientationPortrait UIInterfaceOrientationPortraitUpsideDown UIInterfaceOrientationLandscapeLeft UIInterfaceOrientationLandscapeRight";
				INFOPLIST_KEY_UISupportedInterfaceOrientations_iPhone = "UIInterfaceOrientationPortrait UIInterfaceOrientationLandscapeLeft UIInterfaceOrientationLandscapeRight";
				LD_RUNPATH_SEARCH_PATHS = (
					"$(inherited)",
					"@executable_path/Frameworks",
				);
				MARKETING_VERSION = 1.0;
				PRODUCT_BUNDLE_IDENTIFIER = com.maxial.formview.exampleapp;
				PRODUCT_NAME = "$(TARGET_NAME)";
				SWIFT_EMIT_LOC_STRINGS = YES;
				SWIFT_VERSION = 5.0;
				TARGETED_DEVICE_FAMILY = "1,2";
			};
			name = Release;
		};
/* End XCBuildConfiguration section */

/* Begin XCConfigurationList section */
		426CF62F29850D1A00012FBE /* Build configuration list for PBXProject "Example" */ = {
			isa = XCConfigurationList;
			buildConfigurations = (
				426CF64029850D1B00012FBE /* Debug */,
				426CF64129850D1B00012FBE /* Release */,
			);
			defaultConfigurationIsVisible = 0;
			defaultConfigurationName = Release;
		};
		426CF64229850D1B00012FBE /* Build configuration list for PBXNativeTarget "Example" */ = {
			isa = XCConfigurationList;
			buildConfigurations = (
				426CF64329850D1B00012FBE /* Debug */,
				426CF64429850D1B00012FBE /* Release */,
			);
			defaultConfigurationIsVisible = 0;
			defaultConfigurationName = Release;
		};
/* End XCConfigurationList section */

/* Begin XCSwiftPackageProductDependency section */
		426CF64829850DD400012FBE /* FormView */ = {
			isa = XCSwiftPackageProductDependency;
			productName = FormView;
		};
/* End XCSwiftPackageProductDependency section */
	};
	rootObject = 426CF62C29850D1A00012FBE /* Project object */;
}
